
Microsoft Visual Studio Solution File, Format Version 12.00
# Visual Studio Version 16
VisualStudioVersion = 16.0.31005.135
MinimumVisualStudioVersion = 10.0.40219.1
Project("{FAE04EC0-301F-11D3-BF4B-00C04F79EFBC}") = "TetrisCS", "TetrisCS\TetrisCS.csproj", "{C30E6E48-ED81-46CF-888F-12D56DA1A478}"
EndProject
Global
	GlobalSection(SolutionConfigurationPlatforms) = preSolution
		Debug|Any CPU = Debug|Any CPU
		Release|Any CPU = Release|Any CPU
	EndGlobalSection
	GlobalSection(ProjectConfigurationPlatforms) = postSolution
		{C30E6E48-ED81-46CF-888F-12D56DA1A478}.Debug|Any CPU.ActiveCfg = Debug|Any CPU
		{C30E6E48-ED81-46CF-888F-12D56DA1A478}.Debug|Any CPU.Build.0 = Debug|Any CPU
		{C30E6E48-ED81-46CF-888F-12D56DA1A478}.Release|Any CPU.ActiveCfg = Release|Any CPU
		{C30E6E48-ED81-46CF-888F-12D56DA1A478}.Release|Any CPU.Build.0 = Release|Any CPU
	EndGlobalSection
	GlobalSection(SolutionProperties) = preSolution
		HideSolutionNode = FALSE
	EndGlobalSection
	GlobalSection(ExtensibilityGlobals) = postSolution
		SolutionGuid = {78B7F44F-F616-4DAC-8B28-3135D930D901}
	EndGlobalSection
EndGlobal
